<?xml version="1.0" encoding="utf-8"?>
<Project ToolsVersion="4.0" xmlns="http://schemas.microsoft.com/developer/msbuild/2003">
  <ItemGroup>
    <ClCompile Include="RunScript.cpp">
      <Filter>Source File</Filter>
    </ClCompile>
    <ClCompile Include="stdafx.cpp">
      <Filter>Source File</Filter>
    </ClCompile>
    <ClCompile Include="MainWindows.cpp">
      <Filter>Source File</Filter>
    </ClCompile>
    <ClCompile Include="main.cpp">
      <Filter>Source File</Filter>
    </ClCompile>
  </ItemGroup>
  <ItemGroup>
    <ClInclude Include="resource1.h">
      <Filter>Head File</Filter>
    </ClInclude>
    <ClInclude Include="stdafx.h">
      <Filter>Head File</Filter>
    </ClInclude>
  </ItemGroup>
  <ItemGroup>
    <Image Include="Resources\R.ico" />
  </ItemGroup>
  <ItemGroup>
    <QtMoc Include="MainWindows.h">
      <Filter>Head File</Filter>
    </QtMoc>
    <QtMoc Include="RunScript.h">
      <Filter>Head File</Filter>
    </QtMoc>
  </ItemGroup>
  <ItemGroup>
    <QtRcc Include="Resource.qrc" />
    <QtRcc Include="HomePage.qrc">
      <Filter>Resource</Filter>
    </QtRcc>
  </ItemGroup>
  <ItemGroup>
    <QtUic Include="MainWindows.ui">
      <Filter>Form</Filter>
    </QtUic>
    <QtUic Include="RunScript.ui">
      <Filter>Form</Filter>
    </QtUic>
  </ItemGroup>
  <ItemGroup>
    <Filter Include="Form">
      <UniqueIdentifier>{d2d566c1-69ff-4f8b-80e3-685205c33550}</UniqueIdentifier>
    </Filter>
    <Filter Include="Resource">
      <UniqueIdentifier>{aedf5574-d671-4059-a5ce-6a18de893174}</UniqueIdentifier>
    </Filter>
    <Filter Include="Head File">
      <UniqueIdentifier>{d0167183-d850-4f1c-a272-5985159bb1e5}</UniqueIdentifier>
    </Filter>
    <Filter Include="Source File">
      <UniqueIdentifier>{2b77caf0-541c-49d0-a073-9e6c03c52a99}</UniqueIdentifier>
    </Filter>
  </ItemGroup>
  <ItemGroup>
    <ResourceCompile Include="RTA.rc">
      <Filter>Resource</Filter>
    </ResourceCompile>
  </ItemGroup>
</Project>